
Microsoft Visual Studio Solution File, Format Version 11.00
# Visual Studio 2010
Project("{FAE04EC0-301F-11D3-BF4B-00C04F79EFBC}") = "Basketball - Copy", "Assembly-CSharp.csproj", "{3C55C2CB-F8CF-05B0-7C79-A53C083662B8}"
EndProject
Project("{FAE04EC0-301F-11D3-BF4B-00C04F79EFBC}") = "Basketball - Copy", "Assembly-CSharp-Editor.csproj", "{48C6F371-ABC6-AD01-C238-3888567CF95B}"
EndProject
Global
	GlobalSection(SolutionConfigurationPlatforms) = preSolution
		Debug|Any CPU = Debug|Any CPU
		Release|Any CPU = Release|Any CPU
	EndGlobalSection
	GlobalSection(ProjectConfigurationPlatforms) = postSolution
		{3C55C2CB-F8CF-05B0-7C79-A53C083662B8}.Debug|Any CPU.ActiveCfg = Debug|Any CPU
		{3C55C2CB-F8CF-05B0-7C79-A53C083662B8}.Debug|Any CPU.Build.0 = Debug|Any CPU
		{3C55C2CB-F8CF-05B0-7C79-A53C083662B8}.Release|Any CPU.ActiveCfg = Release|Any CPU
		{3C55C2CB-F8CF-05B0-7C79-A53C083662B8}.Release|Any CPU.Build.0 = Release|Any CPU
		{48C6F371-ABC6-AD01-C238-3888567CF95B}.Debug|Any CPU.ActiveCfg = Debug|Any CPU
		{48C6F371-ABC6-AD01-C238-3888567CF95B}.Debug|Any CPU.Build.0 = Debug|Any CPU
		{48C6F371-ABC6-AD01-C238-3888567CF95B}.Release|Any CPU.ActiveCfg = Release|Any CPU
		{48C6F371-ABC6-AD01-C238-3888567CF95B}.Release|Any CPU.Build.0 = Release|Any CPU
	EndGlobalSection
	GlobalSection(SolutionProperties) = preSolution
		HideSolutionNode = FALSE
	EndGlobalSection
	GlobalSection(MonoDevelopProperties) = preSolution
		StartupItem = Assembly-CSharp.csproj
	EndGlobalSection
EndGlobal
